
Microsoft Visual Studio Solution File, Format Version 12.00
# Visual Studio Version 17
VisualStudioVersion = 17.2.32630.192
MinimumVisualStudioVersion = 10.0.40219.1
Project("{9A19103F-16F7-4668-BE54-9A1E7A4F7556}") = "Asterix Decoder", "Interfaz\Asterix Decoder.csproj", "{A8217893-8278-47F2-AE11-C7C044B701E3}"
EndProject
Project("{9A19103F-16F7-4668-BE54-9A1E7A4F7556}") = "Library", "Library\Library.csproj", "{4458BAA9-061B-4345-A725-D101BAFCEAE7}"
EndProject
Global
	GlobalSection(SolutionConfigurationPlatforms) = preSolution
		Debug|Any CPU = Debug|Any CPU
		Release|Any CPU = Release|Any CPU
	EndGlobalSection
	GlobalSection(ProjectConfigurationPlatforms) = postSolution
		{A8217893-8278-47F2-AE11-C7C044B701E3}.Debug|Any CPU.ActiveCfg = Debug|Any CPU
		{A8217893-8278-47F2-AE11-C7C044B701E3}.Debug|Any CPU.Build.0 = Debug|Any CPU
		{A8217893-8278-47F2-AE11-C7C044B701E3}.Release|Any CPU.ActiveCfg = Release|Any CPU
		{A8217893-8278-47F2-AE11-C7C044B701E3}.Release|Any CPU.Build.0 = Release|Any CPU
		{4458BAA9-061B-4345-A725-D101BAFCEAE7}.Debug|Any CPU.ActiveCfg = Debug|Any CPU
		{4458BAA9-061B-4345-A725-D101BAFCEAE7}.Debug|Any CPU.Build.0 = Debug|Any CPU
		{4458BAA9-061B-4345-A725-D101BAFCEAE7}.Release|Any CPU.ActiveCfg = Release|Any CPU
		{4458BAA9-061B-4345-A725-D101BAFCEAE7}.Release|Any CPU.Build.0 = Release|Any CPU
	EndGlobalSection
	GlobalSection(SolutionProperties) = preSolution
		HideSolutionNode = FALSE
	EndGlobalSection
	GlobalSection(ExtensibilityGlobals) = postSolution
		SolutionGuid = {E99A8770-E352-4991-B35A-45435441F1D3}
	EndGlobalSection
EndGlobal
